
Microsoft Visual Studio Solution File, Format Version 12.00
# Visual Studio Version 17
VisualStudioVersion = 17.7.34031.279
MinimumVisualStudioVersion = 10.0.40219.1
Project("{9A19103F-16F7-4668-BE54-9A1E7A4F7556}") = "ClassMassiv_lab8", "ClassMassiv_lab8.csproj", "{89721480-CE68-4628-AF40-CEC72C95CC14}"
EndProject
Project("{9A19103F-16F7-4668-BE54-9A1E7A4F7556}") = "ClassMassiv8", "..\ClassMassiv8\ClassMassiv8.csproj", "{48A27D80-77E3-4B16-9C66-14F9244956FE}"
EndProject
Project("{9A19103F-16F7-4668-BE54-9A1E7A4F7556}") = "TestDrivers9", "..\TestDrivers9\TestDrivers9.csproj", "{F9BD4154-3965-43EC-8F96-3F97BF1FD810}"
EndProject
Project("{9A19103F-16F7-4668-BE54-9A1E7A4F7556}") = "UnitTest_L10", "..\UnitTest_L10\UnitTest_L10.csproj", "{4D4A2BFC-699D-4981-B862-6A7A998028EE}"
EndProject
Global
	GlobalSection(SolutionConfigurationPlatforms) = preSolution
		Debug|Any CPU = Debug|Any CPU
		Release|Any CPU = Release|Any CPU
	EndGlobalSection
	GlobalSection(ProjectConfigurationPlatforms) = postSolution
		{89721480-CE68-4628-AF40-CEC72C95CC14}.Debug|Any CPU.ActiveCfg = Debug|Any CPU
		{89721480-CE68-4628-AF40-CEC72C95CC14}.Debug|Any CPU.Build.0 = Debug|Any CPU
		{89721480-CE68-4628-AF40-CEC72C95CC14}.Release|Any CPU.ActiveCfg = Release|Any CPU
		{89721480-CE68-4628-AF40-CEC72C95CC14}.Release|Any CPU.Build.0 = Release|Any CPU
		{48A27D80-77E3-4B16-9C66-14F9244956FE}.Debug|Any CPU.ActiveCfg = Debug|Any CPU
		{48A27D80-77E3-4B16-9C66-14F9244956FE}.Debug|Any CPU.Build.0 = Debug|Any CPU
		{48A27D80-77E3-4B16-9C66-14F9244956FE}.Release|Any CPU.ActiveCfg = Release|Any CPU
		{48A27D80-77E3-4B16-9C66-14F9244956FE}.Release|Any CPU.Build.0 = Release|Any CPU
		{F9BD4154-3965-43EC-8F96-3F97BF1FD810}.Debug|Any CPU.ActiveCfg = Debug|Any CPU
		{F9BD4154-3965-43EC-8F96-3F97BF1FD810}.Debug|Any CPU.Build.0 = Debug|Any CPU
		{F9BD4154-3965-43EC-8F96-3F97BF1FD810}.Release|Any CPU.ActiveCfg = Release|Any CPU
		{F9BD4154-3965-43EC-8F96-3F97BF1FD810}.Release|Any CPU.Build.0 = Release|Any CPU
		{4D4A2BFC-699D-4981-B862-6A7A998028EE}.Debug|Any CPU.ActiveCfg = Debug|Any CPU
		{4D4A2BFC-699D-4981-B862-6A7A998028EE}.Debug|Any CPU.Build.0 = Debug|Any CPU
		{4D4A2BFC-699D-4981-B862-6A7A998028EE}.Release|Any CPU.ActiveCfg = Release|Any CPU
		{4D4A2BFC-699D-4981-B862-6A7A998028EE}.Release|Any CPU.Build.0 = Release|Any CPU
	EndGlobalSection
	GlobalSection(SolutionProperties) = preSolution
		HideSolutionNode = FALSE
	EndGlobalSection
	GlobalSection(ExtensibilityGlobals) = postSolution
		SolutionGuid = {F971DF11-6035-4F9F-850A-D4B3D93E1F3C}
	EndGlobalSection
EndGlobal
